// !$*UTF8*$!
{
	archiveVersion = 1;
	classes = {
	};
	objectVersion = 56;
	objects = {

/* Begin PBXBuildFile section */
		5220AC172ADEB53B003F0E39 /* RegistrationView.swift in Sources */ = {isa = PBXBuildFile; fileRef = 5220AC162ADEB53B003F0E39 /* RegistrationView.swift */; };
		5220AC192ADEB556003F0E39 /* ProfileView.swift in Sources */ = {isa = PBXBuildFile; fileRef = 5220AC182ADEB556003F0E39 /* ProfileView.swift */; };
		5220AC1B2ADEB571003F0E39 /* SettingView.swift in Sources */ = {isa = PBXBuildFile; fileRef = 5220AC1A2ADEB571003F0E39 /* SettingView.swift */; };
		5220AC1D2ADEB583003F0E39 /* DownloadView.swift in Sources */ = {isa = PBXBuildFile; fileRef = 5220AC1C2ADEB583003F0E39 /* DownloadView.swift */; };
		5220AC1F2ADEB59A003F0E39 /* NotificationView.swift in Sources */ = {isa = PBXBuildFile; fileRef = 5220AC1E2ADEB59A003F0E39 /* NotificationView.swift */; };
		5220AC212ADEB5B2003F0E39 /* LecturerAssessmentView.swift in Sources */ = {isa = PBXBuildFile; fileRef = 5220AC202ADEB5B2003F0E39 /* LecturerAssessmentView.swift */; };
		5220AC232ADEB5CE003F0E39 /* TimetableView.swift in Sources */ = {isa = PBXBuildFile; fileRef = 5220AC222ADEB5CE003F0E39 /* TimetableView.swift */; };
		5220AC252ADEB600003F0E39 /* FeesView.swift in Sources */ = {isa = PBXBuildFile; fileRef = 5220AC242ADEB600003F0E39 /* FeesView.swift */; };
		5220AC272ADEB614003F0E39 /* ResultView.swift in Sources */ = {isa = PBXBuildFile; fileRef = 5220AC262ADEB614003F0E39 /* ResultView.swift */; };
		52355B852AB6558D0059FE46 /* swift_tutApp.swift in Sources */ = {isa = PBXBuildFile; fileRef = 52355B842AB6558D0059FE46 /* swift_tutApp.swift */; };
		52355B872AB6558D0059FE46 /* ContentView.swift in Sources */ = {isa = PBXBuildFile; fileRef = 52355B862AB6558D0059FE46 /* ContentView.swift */; };
		52355B892AB6558E0059FE46 /* Assets.xcassets in Resources */ = {isa = PBXBuildFile; fileRef = 52355B882AB6558E0059FE46 /* Assets.xcassets */; };
		52355B8C2AB6558E0059FE46 /* Preview Assets.xcassets in Resources */ = {isa = PBXBuildFile; fileRef = 52355B8B2AB6558E0059FE46 /* Preview Assets.xcassets */; };
		52DD93FD2ADE9EAB00288D1E /* QuickAccess.swift in Sources */ = {isa = PBXBuildFile; fileRef = 52DD93FC2ADE9EAB00288D1E /* QuickAccess.swift */; };
/* End PBXBuildFile section */

/* Begin PBXFileReference section */
		5220AC162ADEB53B003F0E39 /* RegistrationView.swift */ = {isa = PBXFileReference; lastKnownFileType = sourcecode.swift; path = RegistrationView.swift; sourceTree = "<group>"; };
		5220AC182ADEB556003F0E39 /* ProfileView.swift */ = {isa = PBXFileReference; lastKnownFileType = sourcecode.swift; path = ProfileView.swift; sourceTree = "<group>"; };
		5220AC1A2ADEB571003F0E39 /* SettingView.swift */ = {isa = PBXFileReference; lastKnownFileType = sourcecode.swift; path = SettingView.swift; sourceTree = "<group>"; };
		5220AC1C2ADEB583003F0E39 /* DownloadView.swift */ = {isa = PBXFileReference; lastKnownFileType = sourcecode.swift; path = DownloadView.swift; sourceTree = "<group>"; };
		5220AC1E2ADEB59A003F0E39 /* NotificationView.swift */ = {isa = PBXFileReference; lastKnownFileType = sourcecode.swift; path = NotificationView.swift; sourceTree = "<group>"; };
		5220AC202ADEB5B2003F0E39 /* LecturerAssessmentView.swift */ = {isa = PBXFileReference; lastKnownFileType = sourcecode.swift; path = LecturerAssessmentView.swift; sourceTree = "<group>"; };
		5220AC222ADEB5CE003F0E39 /* TimetableView.swift */ = {isa = PBXFileReference; lastKnownFileType = sourcecode.swift; path = TimetableView.swift; sourceTree = "<group>"; };
		5220AC242ADEB600003F0E39 /* FeesView.swift */ = {isa = PBXFileReference; lastKnownFileType = sourcecode.swift; path = FeesView.swift; sourceTree = "<group>"; };
		5220AC262ADEB614003F0E39 /* ResultView.swift */ = {isa = PBXFileReference; lastKnownFileType = sourcecode.swift; path = ResultView.swift; sourceTree = "<group>"; };
		52355B812AB6558D0059FE46 /* swift-tut.app */ = {isa = PBXFileReference; explicitFileType = wrapper.application; includeInIndex = 0; path = "swift-tut.app"; sourceTree = BUILT_PRODUCTS_DIR; };
		52355B842AB6558D0059FE46 /* swift_tutApp.swift */ = {isa = PBXFileReference; lastKnownFileType = sourcecode.swift; path = swift_tutApp.swift; sourceTree = "<group>"; };
		52355B862AB6558D0059FE46 /* ContentView.swift */ = {isa = PBXFileReference; lastKnownFileType = sourcecode.swift; path = ContentView.swift; sourceTree = "<group>"; };
		52355B882AB6558E0059FE46 /* Assets.xcassets */ = {isa = PBXFileReference; lastKnownFileType = folder.assetcatalog; path = Assets.xcassets; sourceTree = "<group>"; };
		52355B8B2AB6558E0059FE46 /* Preview Assets.xcassets */ = {isa = PBXFileReference; lastKnownFileType = folder.assetcatalog; path = "Preview Assets.xcassets"; sourceTree = "<group>"; };
		52DD93FC2ADE9EAB00288D1E /* QuickAccess.swift */ = {isa = PBXFileReference; lastKnownFileType = sourcecode.swift; path = QuickAccess.swift; sourceTree = "<group>"; };
/* End PBXFileReference section */

/* Begin PBXFrameworksBuildPhase section */
		52355B7E2AB6558D0059FE46 /* Frameworks */ = {
			isa = PBXFrameworksBuildPhase;
			buildActionMask = 2147483647;
			files = (
			);
			runOnlyForDeploymentPostprocessing = 0;
		};
/* End PBXFrameworksBuildPhase section */

/* Begin PBXGroup section */
		5220AC032ADEB37C003F0E39 /* Core */ = {
			isa = PBXGroup;
			children = (
				52DD93FB2ADE9E5300288D1E /* Components */,
				5220AC062ADEB3FC003F0E39 /* Registration */,
				5220AC042ADEB3E8003F0E39 /* Profile */,
				5220AC122ADEB49F003F0E39 /* Setting */,
				5220AC112ADEB492003F0E39 /* Downloads */,
				5220AC102ADEB486003F0E39 /* Notifications */,
				5220AC0E2ADEB45E003F0E39 /* LecturerAssessment */,
				5220AC0C2ADEB440003F0E39 /* Timetable */,
				5220AC0A2ADEB42F003F0E39 /* Fees */,
				5220AC082ADEB41B003F0E39 /* Result */,
			);
			path = Core;
			sourceTree = "<group>";
		};
		5220AC042ADEB3E8003F0E39 /* Profile */ = {
			isa = PBXGroup;
			children = (
				5220AC052ADEB3F1003F0E39 /* Views */,
			);
			path = Profile;
			sourceTree = "<group>";
		};
		5220AC052ADEB3F1003F0E39 /* Views */ = {
			isa = PBXGroup;
			children = (
				5220AC182ADEB556003F0E39 /* ProfileView.swift */,
			);
			path = Views;
			sourceTree = "<group>";
		};
		5220AC062ADEB3FC003F0E39 /* Registration */ = {
			isa = PBXGroup;
			children = (
				5220AC072ADEB40E003F0E39 /* Views */,
			);
			path = Registration;
			sourceTree = "<group>";
		};
		5220AC072ADEB40E003F0E39 /* Views */ = {
			isa = PBXGroup;
			children = (
				5220AC162ADEB53B003F0E39 /* RegistrationView.swift */,
			);
			path = Views;
			sourceTree = "<group>";
		};
		5220AC082ADEB41B003F0E39 /* Result */ = {
			isa = PBXGroup;
			children = (
				5220AC092ADEB42A003F0E39 /* Views */,
			);
			path = Result;
			sourceTree = "<group>";
		};
		5220AC092ADEB42A003F0E39 /* Views */ = {
			isa = PBXGroup;
			children = (
				5220AC262ADEB614003F0E39 /* ResultView.swift */,
			);
			path = Views;
			sourceTree = "<group>";
		};
		5220AC0A2ADEB42F003F0E39 /* Fees */ = {
			isa = PBXGroup;
			children = (
				5220AC0B2ADEB439003F0E39 /* Views */,
			);
			path = Fees;
			sourceTree = "<group>";
		};
		5220AC0B2ADEB439003F0E39 /* Views */ = {
			isa = PBXGroup;
			children = (
				5220AC242ADEB600003F0E39 /* FeesView.swift */,
			);
			path = Views;
			sourceTree = "<group>";
		};
		5220AC0C2ADEB440003F0E39 /* Timetable */ = {
			isa = PBXGroup;
			children = (
				5220AC0D2ADEB459003F0E39 /* Views */,
				5220AC222ADEB5CE003F0E39 /* TimetableView.swift */,
			);
			path = Timetable;
			sourceTree = "<group>";
		};
		5220AC0D2ADEB459003F0E39 /* Views */ = {
			isa = PBXGroup;
			children = (
			);
			path = Views;
			sourceTree = "<group>";
		};
		5220AC0E2ADEB45E003F0E39 /* LecturerAssessment */ = {
			isa = PBXGroup;
			children = (
				5220AC0F2ADEB47A003F0E39 /* Views */,
			);
			path = LecturerAssessment;
			sourceTree = "<group>";
		};
		5220AC0F2ADEB47A003F0E39 /* Views */ = {
			isa = PBXGroup;
			children = (
				5220AC202ADEB5B2003F0E39 /* LecturerAssessmentView.swift */,
			);
			path = Views;
			sourceTree = "<group>";
		};
		5220AC102ADEB486003F0E39 /* Notifications */ = {
			isa = PBXGroup;
			children = (
				5220AC132ADEB4AB003F0E39 /* Views */,
			);
			path = Notifications;
			sourceTree = "<group>";
		};
		5220AC112ADEB492003F0E39 /* Downloads */ = {
			isa = PBXGroup;
			children = (
				5220AC142ADEB4B4003F0E39 /* Views */,
			);
			path = Downloads;
			sourceTree = "<group>";
		};
		5220AC122ADEB49F003F0E39 /* Setting */ = {
			isa = PBXGroup;
			children = (
				5220AC152ADEB4BA003F0E39 /* Views */,
			);
			path = Setting;
			sourceTree = "<group>";
		};
		5220AC132ADEB4AB003F0E39 /* Views */ = {
			isa = PBXGroup;
			children = (
				5220AC1E2ADEB59A003F0E39 /* NotificationView.swift */,
			);
			path = Views;
			sourceTree = "<group>";
		};
		5220AC142ADEB4B4003F0E39 /* Views */ = {
			isa = PBXGroup;
			children = (
				5220AC1C2ADEB583003F0E39 /* DownloadView.swift */,
			);
			path = Views;
			sourceTree = "<group>";
		};
		5220AC152ADEB4BA003F0E39 /* Views */ = {
			isa = PBXGroup;
			children = (
				5220AC1A2ADEB571003F0E39 /* SettingView.swift */,
			);
			path = Views;
			sourceTree = "<group>";
		};
		5220AC282ADEB644003F0E39 /* App */ = {
			isa = PBXGroup;
			children = (
				52355B842AB6558D0059FE46 /* swift_tutApp.swift */,
			);
			path = App;
			sourceTree = "<group>";
		};
		52355B782AB6558D0059FE46 = {
			isa = PBXGroup;
			children = (
				52355B832AB6558D0059FE46 /* swift-tut */,
				52355B822AB6558D0059FE46 /* Products */,
			);
			sourceTree = "<group>";
		};
		52355B822AB6558D0059FE46 /* Products */ = {
			isa = PBXGroup;
			children = (
				52355B812AB6558D0059FE46 /* swift-tut.app */,
			);
			name = Products;
			sourceTree = "<group>";
		};
		52355B832AB6558D0059FE46 /* swift-tut */ = {
			isa = PBXGroup;
			children = (
				5220AC282ADEB644003F0E39 /* App */,
				5220AC032ADEB37C003F0E39 /* Core */,
				52355B862AB6558D0059FE46 /* ContentView.swift */,
				52355B882AB6558E0059FE46 /* Assets.xcassets */,
				52355B8A2AB6558E0059FE46 /* Preview Content */,
			);
			path = "swift-tut";
			sourceTree = "<group>";
		};
		52355B8A2AB6558E0059FE46 /* Preview Content */ = {
			isa = PBXGroup;
			children = (
				52355B8B2AB6558E0059FE46 /* Preview Assets.xcassets */,
			);
			path = "Preview Content";
			sourceTree = "<group>";
		};
		52DD93FB2ADE9E5300288D1E /* Components */ = {
			isa = PBXGroup;
			children = (
				52DD93FC2ADE9EAB00288D1E /* QuickAccess.swift */,
			);
			path = Components;
			sourceTree = "<group>";
		};
/* End PBXGroup section */

/* Begin PBXNativeTarget section */
		52355B802AB6558D0059FE46 /* swift-tut */ = {
			isa = PBXNativeTarget;
			buildConfigurationList = 52355B8F2AB6558E0059FE46 /* Build configuration list for PBXNativeTarget "swift-tut" */;
			buildPhases = (
				52355B7D2AB6558D0059FE46 /* Sources */,
				52355B7E2AB6558D0059FE46 /* Frameworks */,
				52355B7F2AB6558D0059FE46 /* Resources */,
			);
			buildRules = (
			);
			dependencies = (
			);
			name = "swift-tut";
			productName = "swift-tut";
			productReference = 52355B812AB6558D0059FE46 /* swift-tut.app */;
			productType = "com.apple.product-type.application";
		};
/* End PBXNativeTarget section */

/* Begin PBXProject section */
		52355B792AB6558D0059FE46 /* Project object */ = {
			isa = PBXProject;
			attributes = {
				BuildIndependentTargetsInParallel = 1;
				LastSwiftUpdateCheck = 1430;
				LastUpgradeCheck = 1430;
				TargetAttributes = {
					52355B802AB6558D0059FE46 = {
						CreatedOnToolsVersion = 14.3.1;
					};
				};
			};
			buildConfigurationList = 52355B7C2AB6558D0059FE46 /* Build configuration list for PBXProject "swift-tut" */;
			compatibilityVersion = "Xcode 14.0";
			developmentRegion = en;
			hasScannedForEncodings = 0;
			knownRegions = (
				en,
				Base,
			);
			mainGroup = 52355B782AB6558D0059FE46;
			productRefGroup = 52355B822AB6558D0059FE46 /* Products */;
			projectDirPath = "";
			projectRoot = "";
			targets = (
				52355B802AB6558D0059FE46 /* swift-tut */,
			);
		};
/* End PBXProject section */

/* Begin PBXResourcesBuildPhase section */
		52355B7F2AB6558D0059FE46 /* Resources */ = {
			isa = PBXResourcesBuildPhase;
			buildActionMask = 2147483647;
			files = (
				52355B8C2AB6558E0059FE46 /* Preview Assets.xcassets in Resources */,
				52355B892AB6558E0059FE46 /* Assets.xcassets in Resources */,
			);
			runOnlyForDeploymentPostprocessing = 0;
		};
/* End PBXResourcesBuildPhase section */

/* Begin PBXSourcesBuildPhase section */
		52355B7D2AB6558D0059FE46 /* Sources */ = {
			isa = PBXSourcesBuildPhase;
			buildActionMask = 2147483647;
			files = (
				5220AC232ADEB5CE003F0E39 /* TimetableView.swift in Sources */,
				52355B872AB6558D0059FE46 /* ContentView.swift in Sources */,
				52355B852AB6558D0059FE46 /* swift_tutApp.swift in Sources */,
				5220AC192ADEB556003F0E39 /* ProfileView.swift in Sources */,
				5220AC252ADEB600003F0E39 /* FeesView.swift in Sources */,
				5220AC272ADEB614003F0E39 /* ResultView.swift in Sources */,
				5220AC1F2ADEB59A003F0E39 /* NotificationView.swift in Sources */,
				5220AC1B2ADEB571003F0E39 /* SettingView.swift in Sources */,
				5220AC1D2ADEB583003F0E39 /* DownloadView.swift in Sources */,
				5220AC212ADEB5B2003F0E39 /* LecturerAssessmentView.swift in Sources */,
				52DD93FD2ADE9EAB00288D1E /* QuickAccess.swift in Sources */,
				5220AC172ADEB53B003F0E39 /* RegistrationView.swift in Sources */,
			);
			runOnlyForDeploymentPostprocessing = 0;
		};
/* End PBXSourcesBuildPhase section */

/* Begin XCBuildConfiguration section */
		52355B8D2AB6558E0059FE46 /* Debug */ = {
			isa = XCBuildConfiguration;
			buildSettings = {
				ALWAYS_SEARCH_USER_PATHS = NO;
				CLANG_ANALYZER_NONNULL = YES;
				CLANG_ANALYZER_NUMBER_OBJECT_CONVERSION = YES_AGGRESSIVE;
				CLANG_CXX_LANGUAGE_STANDARD = "gnu++20";
				CLANG_ENABLE_MODULES = YES;
				CLANG_ENABLE_OBJC_ARC = YES;
				CLANG_ENABLE_OBJC_WEAK = YES;
				CLANG_WARN_BLOCK_CAPTURE_AUTORELEASING = YES;
				CLANG_WARN_BOOL_CONVERSION = YES;
				CLANG_WARN_COMMA = YES;
				CLANG_WARN_CONSTANT_CONVERSION = YES;
				CLANG_WARN_DEPRECATED_OBJC_IMPLEMENTATIONS = YES;
				CLANG_WARN_DIRECT_OBJC_ISA_USAGE = YES_ERROR;
				CLANG_WARN_DOCUMENTATION_COMMENTS = YES;
				CLANG_WARN_EMPTY_BODY = YES;
				CLANG_WARN_ENUM_CONVERSION = YES;
				CLANG_WARN_INFINITE_RECURSION = YES;
				CLANG_WARN_INT_CONVERSION = YES;
				CLANG_WARN_NON_LITERAL_NULL_CONVERSION = YES;
				CLANG_WARN_OBJC_IMPLICIT_RETAIN_SELF = YES;
				CLANG_WARN_OBJC_LITERAL_CONVERSION = YES;
				CLANG_WARN_OBJC_ROOT_CLASS = YES_ERROR;
				CLANG_WARN_QUOTED_INCLUDE_IN_FRAMEWORK_HEADER = YES;
				CLANG_WARN_RANGE_LOOP_ANALYSIS = YES;
				CLANG_WARN_STRICT_PROTOTYPES = YES;
				CLANG_WARN_SUSPICIOUS_MOVE = YES;
				CLANG_WARN_UNGUARDED_AVAILABILITY = YES_AGGRESSIVE;
				CLANG_WARN_UNREACHABLE_CODE = YES;
				CLANG_WARN__DUPLICATE_METHOD_MATCH = YES;
				COPY_PHASE_STRIP = NO;
				DEBUG_INFORMATION_FORMAT = dwarf;
				ENABLE_STRICT_OBJC_MSGSEND = YES;
				ENABLE_TESTABILITY = YES;
				GCC_C_LANGUAGE_STANDARD = gnu11;
				GCC_DYNAMIC_NO_PIC = NO;
				GCC_NO_COMMON_BLOCKS = YES;
				GCC_OPTIMIZATION_LEVEL = 0;
				GCC_PREPROCESSOR_DEFINITIONS = (
					"DEBUG=1",
					"$(inherited)",
				);
				GCC_WARN_64_TO_32_BIT_CONVERSION = YES;
				GCC_WARN_ABOUT_RETURN_TYPE = YES_ERROR;
				GCC_WARN_UNDECLARED_SELECTOR = YES;
				GCC_WARN_UNINITIALIZED_AUTOS = YES_AGGRESSIVE;
				GCC_WARN_UNUSED_FUNCTION = YES;
				GCC_WARN_UNUSED_VARIABLE = YES;
				IPHONEOS_DEPLOYMENT_TARGET = 16.4;
				MTL_ENABLE_DEBUG_INFO = INCLUDE_SOURCE;
				MTL_FAST_MATH = YES;
				ONLY_ACTIVE_ARCH = YES;
				SDKROOT = iphoneos;
				SWIFT_ACTIVE_COMPILATION_CONDITIONS = DEBUG;
				SWIFT_OPTIMIZATION_LEVEL = "-Onone";
			};
			name = Debug;
		};
		52355B8E2AB6558E0059FE46 /* Release */ = {
			isa = XCBuildConfiguration;
			buildSettings = {
				ALWAYS_SEARCH_USER_PATHS = NO;
				CLANG_ANALYZER_NONNULL = YES;
				CLANG_ANALYZER_NUMBER_OBJECT_CONVERSION = YES_AGGRESSIVE;
				CLANG_CXX_LANGUAGE_STANDARD = "gnu++20";
				CLANG_ENABLE_MODULES = YES;
				CLANG_ENABLE_OBJC_ARC = YES;
				CLANG_ENABLE_OBJC_WEAK = YES;
				CLANG_WARN_BLOCK_CAPTURE_AUTORELEASING = YES;
				CLANG_WARN_BOOL_CONVERSION = YES;
				CLANG_WARN_COMMA = YES;
				CLANG_WARN_CONSTANT_CONVERSION = YES;
				CLANG_WARN_DEPRECATED_OBJC_IMPLEMENTATIONS = YES;
				CLANG_WARN_DIRECT_OBJC_ISA_USAGE = YES_ERROR;
				CLANG_WARN_DOCUMENTATION_COMMENTS = YES;
				CLANG_WARN_EMPTY_BODY = YES;
				CLANG_WARN_ENUM_CONVERSION = YES;
				CLANG_WARN_INFINITE_RECURSION = YES;
				CLANG_WARN_INT_CONVERSION = YES;
				CLANG_WARN_NON_LITERAL_NULL_CONVERSION = YES;
				CLANG_WARN_OBJC_IMPLICIT_RETAIN_SELF = YES;
				CLANG_WARN_OBJC_LITERAL_CONVERSION = YES;
				CLANG_WARN_OBJC_ROOT_CLASS = YES_ERROR;
				CLANG_WARN_QUOTED_INCLUDE_IN_FRAMEWORK_HEADER = YES;
				CLANG_WARN_RANGE_LOOP_ANALYSIS = YES;
				CLANG_WARN_STRICT_PROTOTYPES = YES;
				CLANG_WARN_SUSPICIOUS_MOVE = YES;
				CLANG_WARN_UNGUARDED_AVAILABILITY = YES_AGGRESSIVE;
				CLANG_WARN_UNREACHABLE_CODE = YES;
				CLANG_WARN__DUPLICATE_METHOD_MATCH = YES;
				COPY_PHASE_STRIP = NO;
				DEBUG_INFORMATION_FORMAT = "dwarf-with-dsym";
				ENABLE_NS_ASSERTIONS = NO;
				ENABLE_STRICT_OBJC_MSGSEND = YES;
				GCC_C_LANGUAGE_STANDARD = gnu11;
				GCC_NO_COMMON_BLOCKS = YES;
				GCC_WARN_64_TO_32_BIT_CONVERSION = YES;
				GCC_WARN_ABOUT_RETURN_TYPE = YES_ERROR;
				GCC_WARN_UNDECLARED_SELECTOR = YES;
				GCC_WARN_UNINITIALIZED_AUTOS = YES_AGGRESSIVE;
				GCC_WARN_UNUSED_FUNCTION = YES;
				GCC_WARN_UNUSED_VARIABLE = YES;
				IPHONEOS_DEPLOYMENT_TARGET = 16.4;
				MTL_ENABLE_DEBUG_INFO = NO;
				MTL_FAST_MATH = YES;
				SDKROOT = iphoneos;
				SWIFT_COMPILATION_MODE = wholemodule;
				SWIFT_OPTIMIZATION_LEVEL = "-O";
				VALIDATE_PRODUCT = YES;
			};
			name = Release;
		};
		52355B902AB6558E0059FE46 /* Debug */ = {
			isa = XCBuildConfiguration;
			buildSettings = {
				ASSETCATALOG_COMPILER_APPICON_NAME = AppIcon;
				ASSETCATALOG_COMPILER_GLOBAL_ACCENT_COLOR_NAME = AccentColor;
				CODE_SIGN_STYLE = Automatic;
				CURRENT_PROJECT_VERSION = 1;
				DEVELOPMENT_ASSET_PATHS = "\"swift-tut/Preview Content\"";
				ENABLE_PREVIEWS = YES;
				GENERATE_INFOPLIST_FILE = YES;
				INFOPLIST_KEY_UIApplicationSceneManifest_Generation = YES;
				INFOPLIST_KEY_UIApplicationSupportsIndirectInputEvents = YES;
				INFOPLIST_KEY_UILaunchScreen_Generation = YES;
				INFOPLIST_KEY_UISupportedInterfaceOrientations_iPad = "UIInterfaceOrientationPortrait UIInterfaceOrientationPortraitUpsideDown UIInterfaceOrientationLandscapeLeft UIInterfaceOrientationLandscapeRight";
				INFOPLIST_KEY_UISupportedInterfaceOrientations_iPhone = "UIInterfaceOrientationPortrait UIInterfaceOrientationLandscapeLeft UIInterfaceOrientationLandscapeRight";
				LD_RUNPATH_SEARCH_PATHS = (
					"$(inherited)",
					"@executable_path/Frameworks",
				);
				MARKETING_VERSION = 1.0;
				PRODUCT_BUNDLE_IDENTIFIER = "com.example.swift-tut";
				PRODUCT_NAME = "$(TARGET_NAME)";
				SWIFT_EMIT_LOC_STRINGS = YES;
				SWIFT_VERSION = 5.0;
				TARGETED_DEVICE_FAMILY = "1,2";
			};
			name = Debug;
		};
		52355B912AB6558E0059FE46 /* Release */ = {
			isa = XCBuildConfiguration;
			buildSettings = {
				ASSETCATALOG_COMPILER_APPICON_NAME = AppIcon;
				ASSETCATALOG_COMPILER_GLOBAL_ACCENT_COLOR_NAME = AccentColor;
				CODE_SIGN_STYLE = Automatic;
				CURRENT_PROJECT_VERSION = 1;
				DEVELOPMENT_ASSET_PATHS = "\"swift-tut/Preview Content\"";
				ENABLE_PREVIEWS = YES;
				GENERATE_INFOPLIST_FILE = YES;
				INFOPLIST_KEY_UIApplicationSceneManifest_Generation = YES;
				INFOPLIST_KEY_UIApplicationSupportsIndirectInputEvents = YES;
				INFOPLIST_KEY_UILaunchScreen_Generation = YES;
				INFOPLIST_KEY_UISupportedInterfaceOrientations_iPad = "UIInterfaceOrientationPortrait UIInterfaceOrientationPortraitUpsideDown UIInterfaceOrientationLandscapeLeft UIInterfaceOrientationLandscapeRight";
				INFOPLIST_KEY_UISupportedInterfaceOrientations_iPhone = "UIInterfaceOrientationPortrait UIInterfaceOrientationLandscapeLeft UIInterfaceOrientationLandscapeRight";
				LD_RUNPATH_SEARCH_PATHS = (
					"$(inherited)",
					"@executable_path/Frameworks",
				);
				MARKETING_VERSION = 1.0;
				PRODUCT_BUNDLE_IDENTIFIER = "com.example.swift-tut";
				PRODUCT_NAME = "$(TARGET_NAME)";
				SWIFT_EMIT_LOC_STRINGS = YES;
				SWIFT_VERSION = 5.0;
				TARGETED_DEVICE_FAMILY = "1,2";
			};
			name = Release;
		};
/* End XCBuildConfiguration section */

/* Begin XCConfigurationList section */
		52355B7C2AB6558D0059FE46 /* Build configuration list for PBXProject "swift-tut" */ = {
			isa = XCConfigurationList;
			buildConfigurations = (
				52355B8D2AB6558E0059FE46 /* Debug */,
				52355B8E2AB6558E0059FE46 /* Release */,
			);
			defaultConfigurationIsVisible = 0;
			defaultConfigurationName = Release;
		};
		52355B8F2AB6558E0059FE46 /* Build configuration list for PBXNativeTarget "swift-tut" */ = {
			isa = XCConfigurationList;
			buildConfigurations = (
				52355B902AB6558E0059FE46 /* Debug */,
				52355B912AB6558E0059FE46 /* Release */,
			);
			defaultConfigurationIsVisible = 0;
			defaultConfigurationName = Release;
		};
/* End XCConfigurationList section */
	};
	rootObject = 52355B792AB6558D0059FE46 /* Project object */;
}
